{
  "name": "tradingview-agent",
  "version": "0.1.0",
  "lockfileVersion": 3,
  "requires": true,
  "packages": {
    "": {
      "name": "tradingview-agent",
      "version": "0.1.0",
      "license": "MIT",
      "dependencies": {
        "@mathieuc/tradingview": "file:../tradingview-api"
      },
      "devDependencies": {},
      "engines": {
        "node": ">=16"
      }
    },
    "../tradingview-api": {
      "name": "@mathieuc/tradingview",
      "version": "3.5.2",
      "license": "ISC",
      "dependencies": {
        "axios": "^1.5.0",
        "jszip": "^3.7.1",
        "ws": "^7.4.3"
      },
      "devDependencies": {
        "@babel/eslint-parser": "^7.15.7",
        "@mathieuc/console": "^1.0.1",
        "dotenv": "^16.3.1",
        "eslint": "^7.25.0",
        "eslint-config-airbnb-base": "^14.2.1",
        "eslint-plugin-import": "^2.22.1",
        "vitest": "^0.31.4"
      },
      "engines": {
        "node": ">=14.0.0"
      }
    },
    "node_modules/@mathieuc/tradingview": {
      "resolved": "../tradingview-api",
      "link": true
    }
  }
}
